Microsoft Visual Studio Solution File, Format Version 12.00
# Visual Studio Version 17
VisualStudioVersion = 17.14.35906.104
MinimumVisualStudioVersion = 10.0.40219.1
Project("{FAE04EC0-301F-11D3-BF4B-00C04F79EFBC}") = "ArithmeticOperations", "ArithmeticOperations\ArithmeticOperations.csproj", "{029E5DAB-53AD-40F7-AE38-E633F6BBB7E9}"
EndProject
Global
	GlobalSection(SolutionConfigurationPlatforms) = preSolution
		Debug|Any CPU = Debug|Any CPU
		Release|Any CPU = Release|Any CPU
	EndGlobalSection
	GlobalSection(ProjectConfigurationPlatforms) = postSolution
		{029E5DAB-53AD-40F7-AE38-E633F6BBB7E9}.Debug|Any CPU.ActiveCfg = Debug|Any CPU
		{029E5DAB-53AD-40F7-AE38-E633F6BBB7E9}.Debug|Any CPU.Build.0 = Debug|Any CPU
		{029E5DAB-53AD-40F7-AE38-E633F6BBB7E9}.Release|Any CPU.ActiveCfg = Release|Any CPU
		{029E5DAB-53AD-40F7-AE38-E633F6BBB7E9}.Release|Any CPU.Build.0 = Release|Any CPU
	EndGlobalSection
	GlobalSection(SolutionProperties) = preSolution
		HideSolutionNode = FALSE
	EndGlobalSection
	GlobalSection(ExtensibilityGlobals) = postSolution
		SolutionGuid = {98CB0A7C-A128-46E9-8911-CBE60155558F}
	EndGlobalSection
EndGlobal
