Microsoft Visual Studio Solution File, Format Version 12.00
# Visual Studio Version 17
VisualStudioVersion = 17.14.35906.104
MinimumVisualStudioVersion = 10.0.40219.1
Project("{FAE04EC0-301F-11D3-BF4B-00C04F79EFBC}") = "forEachloop", "forEachloop\forEachloop.csproj", "{01423A39-CFF6-41D3-8865-54B40C1BAE74}"
EndProject
Global
	GlobalSection(SolutionConfigurationPlatforms) = preSolution
		Debug|Any CPU = Debug|Any CPU
		Release|Any CPU = Release|Any CPU
	EndGlobalSection
	GlobalSection(ProjectConfigurationPlatforms) = postSolution
		{01423A39-CFF6-41D3-8865-54B40C1BAE74}.Debug|Any CPU.ActiveCfg = Debug|Any CPU
		{01423A39-CFF6-41D3-8865-54B40C1BAE74}.Debug|Any CPU.Build.0 = Debug|Any CPU
		{01423A39-CFF6-41D3-8865-54B40C1BAE74}.Release|Any CPU.ActiveCfg = Release|Any CPU
		{01423A39-CFF6-41D3-8865-54B40C1BAE74}.Release|Any CPU.Build.0 = Release|Any CPU
	EndGlobalSection
	GlobalSection(SolutionProperties) = preSolution
		HideSolutionNode = FALSE
	EndGlobalSection
	GlobalSection(ExtensibilityGlobals) = postSolution
		SolutionGuid = {AA5CB54F-0251-46E0-AA48-756D158ABF1F}
	EndGlobalSection
EndGlobal
