Microsoft Visual Studio Solution File, Format Version 12.00
# Visual Studio Version 17
VisualStudioVersion = 17.14.35906.104
MinimumVisualStudioVersion = 10.0.40219.1
Project("{FAE04EC0-301F-11D3-BF4B-00C04F79EFBC}") = "classObject_2", "classObject_2\classObject_2.csproj", "{35C10FE0-BB68-4B14-85E8-81ECA66855B1}"
EndProject
Global
	GlobalSection(SolutionConfigurationPlatforms) = preSolution
		Debug|Any CPU = Debug|Any CPU
		Release|Any CPU = Release|Any CPU
	EndGlobalSection
	GlobalSection(ProjectConfigurationPlatforms) = postSolution
		{35C10FE0-BB68-4B14-85E8-81ECA66855B1}.Debug|Any CPU.ActiveCfg = Debug|Any CPU
		{35C10FE0-BB68-4B14-85E8-81ECA66855B1}.Debug|Any CPU.Build.0 = Debug|Any CPU
		{35C10FE0-BB68-4B14-85E8-81ECA66855B1}.Release|Any CPU.ActiveCfg = Release|Any CPU
		{35C10FE0-BB68-4B14-85E8-81ECA66855B1}.Release|Any CPU.Build.0 = Release|Any CPU
	EndGlobalSection
	GlobalSection(SolutionProperties) = preSolution
		HideSolutionNode = FALSE
	EndGlobalSection
	GlobalSection(ExtensibilityGlobals) = postSolution
		SolutionGuid = {A300573F-FF4D-4836-99C6-82C6B376AB3A}
	EndGlobalSection
EndGlobal
