Microsoft Visual Studio Solution File, Format Version 12.00
# Visual Studio Version 17
VisualStudioVersion = 17.14.35906.104
MinimumVisualStudioVersion = 10.0.40219.1
Project("{FAE04EC0-301F-11D3-BF4B-00C04F79EFBC}") = "parameterized_constructor", "parameterized_constructor\parameterized_constructor.csproj", "{05386A94-3D86-415C-9B33-9A5630E3D26B}"
EndProject
Global
	GlobalSection(SolutionConfigurationPlatforms) = preSolution
		Debug|Any CPU = Debug|Any CPU
		Release|Any CPU = Release|Any CPU
	EndGlobalSection
	GlobalSection(ProjectConfigurationPlatforms) = postSolution
		{05386A94-3D86-415C-9B33-9A5630E3D26B}.Debug|Any CPU.ActiveCfg = Debug|Any CPU
		{05386A94-3D86-415C-9B33-9A5630E3D26B}.Debug|Any CPU.Build.0 = Debug|Any CPU
		{05386A94-3D86-415C-9B33-9A5630E3D26B}.Release|Any CPU.ActiveCfg = Release|Any CPU
		{05386A94-3D86-415C-9B33-9A5630E3D26B}.Release|Any CPU.Build.0 = Release|Any CPU
	EndGlobalSection
	GlobalSection(SolutionProperties) = preSolution
		HideSolutionNode = FALSE
	EndGlobalSection
	GlobalSection(ExtensibilityGlobals) = postSolution
		SolutionGuid = {6C5FD0E6-ED1D-4AEE-92A0-DA58EFDDB823}
	EndGlobalSection
EndGlobal
