Microsoft Visual Studio Solution File, Format Version 12.00
# Visual Studio Version 17
VisualStudioVersion = 17.14.35906.104
MinimumVisualStudioVersion = 10.0.40219.1
Project("{FAE04EC0-301F-11D3-BF4B-00C04F79EFBC}") = "numbersLoop", "numbersLoop\numbersLoop.csproj", "{2F9E8FD8-9B50-4384-A85E-18BCD6F94B15}"
EndProject
Global
	GlobalSection(SolutionConfigurationPlatforms) = preSolution
		Debug|Any CPU = Debug|Any CPU
		Release|Any CPU = Release|Any CPU
	EndGlobalSection
	GlobalSection(ProjectConfigurationPlatforms) = postSolution
		{2F9E8FD8-9B50-4384-A85E-18BCD6F94B15}.Debug|Any CPU.ActiveCfg = Debug|Any CPU
		{2F9E8FD8-9B50-4384-A85E-18BCD6F94B15}.Debug|Any CPU.Build.0 = Debug|Any CPU
		{2F9E8FD8-9B50-4384-A85E-18BCD6F94B15}.Release|Any CPU.ActiveCfg = Release|Any CPU
		{2F9E8FD8-9B50-4384-A85E-18BCD6F94B15}.Release|Any CPU.Build.0 = Release|Any CPU
	EndGlobalSection
	GlobalSection(SolutionProperties) = preSolution
		HideSolutionNode = FALSE
	EndGlobalSection
	GlobalSection(ExtensibilityGlobals) = postSolution
		SolutionGuid = {1B4C009E-8DD8-46D2-9191-C8E3B6F0A934}
	EndGlobalSection
EndGlobal
