Microsoft Visual Studio Solution File, Format Version 12.00
# Visual Studio Version 17
VisualStudioVersion = 17.14.35906.104
MinimumVisualStudioVersion = 10.0.40219.1
Project("{FAE04EC0-301F-11D3-BF4B-00C04F79EFBC}") = "dollarsrupees", "dollarsrupees\dollarsrupees.csproj", "{B13C8B5B-7618-4D51-A288-62DCDD8CE0D0}"
EndProject
Global
	GlobalSection(SolutionConfigurationPlatforms) = preSolution
		Debug|Any CPU = Debug|Any CPU
		Release|Any CPU = Release|Any CPU
	EndGlobalSection
	GlobalSection(ProjectConfigurationPlatforms) = postSolution
		{B13C8B5B-7618-4D51-A288-62DCDD8CE0D0}.Debug|Any CPU.ActiveCfg = Debug|Any CPU
		{B13C8B5B-7618-4D51-A288-62DCDD8CE0D0}.Debug|Any CPU.Build.0 = Debug|Any CPU
		{B13C8B5B-7618-4D51-A288-62DCDD8CE0D0}.Release|Any CPU.ActiveCfg = Release|Any CPU
		{B13C8B5B-7618-4D51-A288-62DCDD8CE0D0}.Release|Any CPU.Build.0 = Release|Any CPU
	EndGlobalSection
	GlobalSection(SolutionProperties) = preSolution
		HideSolutionNode = FALSE
	EndGlobalSection
	GlobalSection(ExtensibilityGlobals) = postSolution
		SolutionGuid = {6195F0F5-6D5C-4022-8B89-D3B52F196A1D}
	EndGlobalSection
EndGlobal
