Microsoft Visual Studio Solution File, Format Version 12.00
# Visual Studio Version 17
VisualStudioVersion = 17.14.35906.104
MinimumVisualStudioVersion = 10.0.40219.1
Project("{FAE04EC0-301F-11D3-BF4B-00C04F79EFBC}") = "withreturn_withparameterFunction", "withreturn_withparameterFunction\withreturn_withparameterFunction.csproj", "{24568056-4D06-456A-B62F-0B3DD09B338A}"
EndProject
Global
	GlobalSection(SolutionConfigurationPlatforms) = preSolution
		Debug|Any CPU = Debug|Any CPU
		Release|Any CPU = Release|Any CPU
	EndGlobalSection
	GlobalSection(ProjectConfigurationPlatforms) = postSolution
		{24568056-4D06-456A-B62F-0B3DD09B338A}.Debug|Any CPU.ActiveCfg = Debug|Any CPU
		{24568056-4D06-456A-B62F-0B3DD09B338A}.Debug|Any CPU.Build.0 = Debug|Any CPU
		{24568056-4D06-456A-B62F-0B3DD09B338A}.Release|Any CPU.ActiveCfg = Release|Any CPU
		{24568056-4D06-456A-B62F-0B3DD09B338A}.Release|Any CPU.Build.0 = Release|Any CPU
	EndGlobalSection
	GlobalSection(SolutionProperties) = preSolution
		HideSolutionNode = FALSE
	EndGlobalSection
	GlobalSection(ExtensibilityGlobals) = postSolution
		SolutionGuid = {C553AEFF-208E-4FDC-8092-FDB5F128EC1C}
	EndGlobalSection
EndGlobal
