Microsoft Visual Studio Solution File, Format Version 12.00
# Visual Studio Version 17
VisualStudioVersion = 17.14.35906.104
MinimumVisualStudioVersion = 10.0.40219.1
Project("{FAE04EC0-301F-11D3-BF4B-00C04F79EFBC}") = "stringfunctionevenodd", "stringfunctionevenodd\stringfunctionevenodd.csproj", "{EFD6727C-CA4A-487D-B7A3-68F688E250DC}"
EndProject
Global
	GlobalSection(SolutionConfigurationPlatforms) = preSolution
		Debug|Any CPU = Debug|Any CPU
		Release|Any CPU = Release|Any CPU
	EndGlobalSection
	GlobalSection(ProjectConfigurationPlatforms) = postSolution
		{EFD6727C-CA4A-487D-B7A3-68F688E250DC}.Debug|Any CPU.ActiveCfg = Debug|Any CPU
		{EFD6727C-CA4A-487D-B7A3-68F688E250DC}.Debug|Any CPU.Build.0 = Debug|Any CPU
		{EFD6727C-CA4A-487D-B7A3-68F688E250DC}.Release|Any CPU.ActiveCfg = Release|Any CPU
		{EFD6727C-CA4A-487D-B7A3-68F688E250DC}.Release|Any CPU.Build.0 = Release|Any CPU
	EndGlobalSection
	GlobalSection(SolutionProperties) = preSolution
		HideSolutionNode = FALSE
	EndGlobalSection
	GlobalSection(ExtensibilityGlobals) = postSolution
		SolutionGuid = {1AD69BAF-446F-4EAA-9968-15A1DA1A6E81}
	EndGlobalSection
EndGlobal
