Microsoft Visual Studio Solution File, Format Version 12.00
# Visual Studio Version 17
VisualStudioVersion = 17.14.35906.104
MinimumVisualStudioVersion = 10.0.40219.1
Project("{FAE04EC0-301F-11D3-BF4B-00C04F79EFBC}") = "maxnumThree", "maxnumThree\maxnumThree.csproj", "{DE6BFCF1-1A72-4D1B-A535-7867BD731546}"
EndProject
Global
	GlobalSection(SolutionConfigurationPlatforms) = preSolution
		Debug|Any CPU = Debug|Any CPU
		Release|Any CPU = Release|Any CPU
	EndGlobalSection
	GlobalSection(ProjectConfigurationPlatforms) = postSolution
		{DE6BFCF1-1A72-4D1B-A535-7867BD731546}.Debug|Any CPU.ActiveCfg = Debug|Any CPU
		{DE6BFCF1-1A72-4D1B-A535-7867BD731546}.Debug|Any CPU.Build.0 = Debug|Any CPU
		{DE6BFCF1-1A72-4D1B-A535-7867BD731546}.Release|Any CPU.ActiveCfg = Release|Any CPU
		{DE6BFCF1-1A72-4D1B-A535-7867BD731546}.Release|Any CPU.Build.0 = Release|Any CPU
	EndGlobalSection
	GlobalSection(SolutionProperties) = preSolution
		HideSolutionNode = FALSE
	EndGlobalSection
	GlobalSection(ExtensibilityGlobals) = postSolution
		SolutionGuid = {6BEF60B6-3ADB-40DA-9B36-0FE6BE294458}
	EndGlobalSection
EndGlobal
