Microsoft Visual Studio Solution File, Format Version 12.00
# Visual Studio Version 17
VisualStudioVersion = 17.14.35906.104
MinimumVisualStudioVersion = 10.0.40219.1
Project("{FAE04EC0-301F-11D3-BF4B-00C04F79EFBC}") = "ifelseStatement", "ifelseStatement\ifelseStatement.csproj", "{4E9410BF-45C2-4433-BF21-FA6F0EAE0C9B}"
EndProject
Global
	GlobalSection(SolutionConfigurationPlatforms) = preSolution
		Debug|Any CPU = Debug|Any CPU
		Release|Any CPU = Release|Any CPU
	EndGlobalSection
	GlobalSection(ProjectConfigurationPlatforms) = postSolution
		{4E9410BF-45C2-4433-BF21-FA6F0EAE0C9B}.Debug|Any CPU.ActiveCfg = Debug|Any CPU
		{4E9410BF-45C2-4433-BF21-FA6F0EAE0C9B}.Debug|Any CPU.Build.0 = Debug|Any CPU
		{4E9410BF-45C2-4433-BF21-FA6F0EAE0C9B}.Release|Any CPU.ActiveCfg = Release|Any CPU
		{4E9410BF-45C2-4433-BF21-FA6F0EAE0C9B}.Release|Any CPU.Build.0 = Release|Any CPU
	EndGlobalSection
	GlobalSection(SolutionProperties) = preSolution
		HideSolutionNode = FALSE
	EndGlobalSection
	GlobalSection(ExtensibilityGlobals) = postSolution
		SolutionGuid = {B414FFD1-D646-4A8C-9785-5EE42C53AAD3}
	EndGlobalSection
EndGlobal
